
Microsoft Visual Studio Solution File, Format Version 12.00
# Visual Studio Version 17
VisualStudioVersion = 17.10.35027.167
MinimumVisualStudioVersion = 10.0.40219.1
Project("{9A19103F-16F7-4668-BE54-9A1E7A4F7556}") = "B3.CdbCalc", "B3.CdbCalc\B3.CdbCalc.csproj", "{71C1B7E6-FDD5-43FC-AF66-17B67CAEC70F}"
EndProject
Project("{9A19103F-16F7-4668-BE54-9A1E7A4F7556}") = "B3Teste.Api", "B3Teste.Api\B3Teste.Api.csproj", "{2D8CAD02-6831-47FC-A539-14F7A11F4B13}"
EndProject
Project("{FAE04EC0-301F-11D3-BF4B-00C04F79EFBC}") = "Test", "Test\Test.csproj", "{DBAA9933-48E9-4508-9095-DB243F7992C9}"
EndProject
Global
	GlobalSection(SolutionConfigurationPlatforms) = preSolution
		Debug|Any CPU = Debug|Any CPU
		Release|Any CPU = Release|Any CPU
	EndGlobalSection
	GlobalSection(ProjectConfigurationPlatforms) = postSolution
		{71C1B7E6-FDD5-43FC-AF66-17B67CAEC70F}.Debug|Any CPU.ActiveCfg = Debug|Any CPU
		{71C1B7E6-FDD5-43FC-AF66-17B67CAEC70F}.Debug|Any CPU.Build.0 = Debug|Any CPU
		{71C1B7E6-FDD5-43FC-AF66-17B67CAEC70F}.Release|Any CPU.ActiveCfg = Release|Any CPU
		{71C1B7E6-FDD5-43FC-AF66-17B67CAEC70F}.Release|Any CPU.Build.0 = Release|Any CPU
		{2D8CAD02-6831-47FC-A539-14F7A11F4B13}.Debug|Any CPU.ActiveCfg = Debug|Any CPU
		{2D8CAD02-6831-47FC-A539-14F7A11F4B13}.Debug|Any CPU.Build.0 = Debug|Any CPU
		{2D8CAD02-6831-47FC-A539-14F7A11F4B13}.Release|Any CPU.ActiveCfg = Release|Any CPU
		{2D8CAD02-6831-47FC-A539-14F7A11F4B13}.Release|Any CPU.Build.0 = Release|Any CPU
		{DBAA9933-48E9-4508-9095-DB243F7992C9}.Debug|Any CPU.ActiveCfg = Debug|Any CPU
		{DBAA9933-48E9-4508-9095-DB243F7992C9}.Debug|Any CPU.Build.0 = Debug|Any CPU
		{DBAA9933-48E9-4508-9095-DB243F7992C9}.Release|Any CPU.ActiveCfg = Release|Any CPU
		{DBAA9933-48E9-4508-9095-DB243F7992C9}.Release|Any CPU.Build.0 = Release|Any CPU
	EndGlobalSection
	GlobalSection(SolutionProperties) = preSolution
		HideSolutionNode = FALSE
	EndGlobalSection
	GlobalSection(ExtensibilityGlobals) = postSolution
		SolutionGuid = {8BF2B654-7156-4C1C-8AA6-FA53F5EBB4E9}
	EndGlobalSection
EndGlobal
